
Microsoft Visual Studio Solution File, Format Version 12.00
# Visual Studio Version 17
VisualStudioVersion = 17.13.35806.99 d17.13
MinimumVisualStudioVersion = 10.0.40219.1
Project("{FAE04EC0-301F-11D3-BF4B-00C04F79EFBC}") = "INF164_Practical_1C_u25630998", "INF164_Practical_1C_u25630998.csproj", "{E244CCF4-F3E2-4F54-BA7A-35C7B8FBABFB}"
EndProject
Global
	GlobalSection(SolutionConfigurationPlatforms) = preSolution
		Debug|Any CPU = Debug|Any CPU
		Release|Any CPU = Release|Any CPU
	EndGlobalSection
	GlobalSection(ProjectConfigurationPlatforms) = postSolution
		{E244CCF4-F3E2-4F54-BA7A-35C7B8FBABFB}.Debug|Any CPU.ActiveCfg = Debug|Any CPU
		{E244CCF4-F3E2-4F54-BA7A-35C7B8FBABFB}.Debug|Any CPU.Build.0 = Debug|Any CPU
		{E244CCF4-F3E2-4F54-BA7A-35C7B8FBABFB}.Release|Any CPU.ActiveCfg = Release|Any CPU
		{E244CCF4-F3E2-4F54-BA7A-35C7B8FBABFB}.Release|Any CPU.Build.0 = Release|Any CPU
	EndGlobalSection
	GlobalSection(SolutionProperties) = preSolution
		HideSolutionNode = FALSE
	EndGlobalSection
	GlobalSection(ExtensibilityGlobals) = postSolution
		SolutionGuid = {C5785788-DEE5-4DAD-8DD2-0B82BE6F9774}
	EndGlobalSection
EndGlobal
